# THIS IS AN AUTOGENERATED FILE. DO NOT EDIT THIS FILE DIRECTLY.
# yarn lockfile v1


"@statio/funk.js@^1.0.0":
  version "1.0.0"
  resolved "https://registry.yarnpkg.com/@statio/funk.js/-/funk.js-1.0.0.tgz#6aa622ffa5ca8b2e6603bba997dcdff956af04f0"
  integrity sha512-90xsqftf6eYNV3s8yacUqmUTbgvX6vweSzI2PuHo/5QwQptwvaIM5V9QP1z9OHECDXlGnWa4m/c1yoXw1T6WDA==
  dependencies:
    ws "^8.2.3"

prettier@^2.4.1:
  version "2.4.1"
  resolved "https://registry.yarnpkg.com/prettier/-/prettier-2.4.1.tgz#671e11c89c14a4cfc876ce564106c4a6726c9f5c"
  integrity sha512-9fbDAXSBcc6Bs1mZrDYb3XKzDLm4EXXL9sC1LqKP5rZkT6KRr/rf9amVUcODVXgguK/isJz0d0hP72WeaKWsvA==

ws@^8.2.3:
  version "8.2.3"
  resolved "https://registry.yarnpkg.com/ws/-/ws-8.2.3.tgz#63a56456db1b04367d0b721a0b80cae6d8becbba"
  integrity sha512-wBuoj1BDpC6ZQ1B7DWQBYVLphPWkm8i9Y0/3YdHjHKHiohOJ1ws+3OccDWtH+PoC9DZD5WOTrJvNbWvjS6JWaA==
